// !$*UTF8*$!
{
	archiveVersion = 1;
	classes = {
	};
	objectVersion = 56;
	objects = {

/* Begin PBXBuildFile section */
		A64E9B522C8CBC0500526151 /* BeadsApp.swift in Sources */ = {isa = PBXBuildFile; fileRef = A64E9B512C8CBC0500526151 /* BeadsApp.swift */; };
		A64E9B542C8CBC0500526151 /* ContentView.swift in Sources */ = {isa = PBXBuildFile; fileRef = A64E9B532C8CBC0500526151 /* ContentView.swift */; };
		A64E9B562C8CBC0600526151 /* Assets.xcassets in Resources */ = {isa = PBXBuildFile; fileRef = A64E9B552C8CBC0600526151 /* Assets.xcassets */; };
		A64E9B592C8CBC0600526151 /* Preview Assets.xcassets in Resources */ = {isa = PBXBuildFile; fileRef = A64E9B582C8CBC0600526151 /* Preview Assets.xcassets */; };
		A64E9B692C8CBD0300526151 /* LoginView.swift in Sources */ = {isa = PBXBuildFile; fileRef = A64E9B682C8CBD0300526151 /* LoginView.swift */; };
		A64E9B6C2C8CC03900526151 /* RegistrationView.swift in Sources */ = {isa = PBXBuildFile; fileRef = A64E9B6B2C8CC03900526151 /* RegistrationView.swift */; };
		A64E9B6F2C8CC26C00526151 /* LoginViewModel.swift in Sources */ = {isa = PBXBuildFile; fileRef = A64E9B6E2C8CC26C00526151 /* LoginViewModel.swift */; };
		A64E9B712C8CC27900526151 /* RegistrationViewModel.swift in Sources */ = {isa = PBXBuildFile; fileRef = A64E9B702C8CC27900526151 /* RegistrationViewModel.swift */; };
		A64E9B742C8CC2B900526151 /* ThreadsTextFieldModifier.swift in Sources */ = {isa = PBXBuildFile; fileRef = A64E9B732C8CC2B900526151 /* ThreadsTextFieldModifier.swift */; };
		A64E9B772C91B48C00526151 /* ThreadsTabView.swift in Sources */ = {isa = PBXBuildFile; fileRef = A64E9B762C91B48C00526151 /* ThreadsTabView.swift */; };
		A64E9B852C91B5DF00526151 /* CreateThreadView.swift in Sources */ = {isa = PBXBuildFile; fileRef = A64E9B842C91B5DE00526151 /* CreateThreadView.swift */; };
		A64E9B872C91B5F500526151 /* ActivityView.swift in Sources */ = {isa = PBXBuildFile; fileRef = A64E9B862C91B5F500526151 /* ActivityView.swift */; };
		A64E9B892C91B60400526151 /* ExploreView.swift in Sources */ = {isa = PBXBuildFile; fileRef = A64E9B882C91B60400526151 /* ExploreView.swift */; };
		A64E9B8B2C91B60F00526151 /* FeedView.swift in Sources */ = {isa = PBXBuildFile; fileRef = A64E9B8A2C91B60F00526151 /* FeedView.swift */; };
		A64E9B8D2C91B63E00526151 /* ProfileView.swift in Sources */ = {isa = PBXBuildFile; fileRef = A64E9B8C2C91B63E00526151 /* ProfileView.swift */; };
/* End PBXBuildFile section */

/* Begin PBXFileReference section */
		A64E9B4E2C8CBC0500526151 /* Beads.app */ = {isa = PBXFileReference; explicitFileType = wrapper.application; includeInIndex = 0; path = Beads.app; sourceTree = BUILT_PRODUCTS_DIR; };
		A64E9B512C8CBC0500526151 /* BeadsApp.swift */ = {isa = PBXFileReference; lastKnownFileType = sourcecode.swift; path = BeadsApp.swift; sourceTree = "<group>"; };
		A64E9B532C8CBC0500526151 /* ContentView.swift */ = {isa = PBXFileReference; lastKnownFileType = sourcecode.swift; path = ContentView.swift; sourceTree = "<group>"; };
		A64E9B552C8CBC0600526151 /* Assets.xcassets */ = {isa = PBXFileReference; lastKnownFileType = folder.assetcatalog; path = Assets.xcassets; sourceTree = "<group>"; };
		A64E9B582C8CBC0600526151 /* Preview Assets.xcassets */ = {isa = PBXFileReference; lastKnownFileType = folder.assetcatalog; path = "Preview Assets.xcassets"; sourceTree = "<group>"; };
		A64E9B682C8CBD0300526151 /* LoginView.swift */ = {isa = PBXFileReference; lastKnownFileType = sourcecode.swift; path = LoginView.swift; sourceTree = "<group>"; };
		A64E9B6B2C8CC03900526151 /* RegistrationView.swift */ = {isa = PBXFileReference; lastKnownFileType = sourcecode.swift; path = RegistrationView.swift; sourceTree = "<group>"; };
		A64E9B6E2C8CC26C00526151 /* LoginViewModel.swift */ = {isa = PBXFileReference; lastKnownFileType = sourcecode.swift; path = LoginViewModel.swift; sourceTree = "<group>"; };
		A64E9B702C8CC27900526151 /* RegistrationViewModel.swift */ = {isa = PBXFileReference; lastKnownFileType = sourcecode.swift; path = RegistrationViewModel.swift; sourceTree = "<group>"; };
		A64E9B732C8CC2B900526151 /* ThreadsTextFieldModifier.swift */ = {isa = PBXFileReference; lastKnownFileType = sourcecode.swift; path = ThreadsTextFieldModifier.swift; sourceTree = "<group>"; };
		A64E9B762C91B48C00526151 /* ThreadsTabView.swift */ = {isa = PBXFileReference; lastKnownFileType = sourcecode.swift; path = ThreadsTabView.swift; sourceTree = "<group>"; };
		A64E9B842C91B5DE00526151 /* CreateThreadView.swift */ = {isa = PBXFileReference; lastKnownFileType = sourcecode.swift; path = CreateThreadView.swift; sourceTree = "<group>"; };
		A64E9B862C91B5F500526151 /* ActivityView.swift */ = {isa = PBXFileReference; lastKnownFileType = sourcecode.swift; path = ActivityView.swift; sourceTree = "<group>"; };
		A64E9B882C91B60400526151 /* ExploreView.swift */ = {isa = PBXFileReference; lastKnownFileType = sourcecode.swift; path = ExploreView.swift; sourceTree = "<group>"; };
		A64E9B8A2C91B60F00526151 /* FeedView.swift */ = {isa = PBXFileReference; lastKnownFileType = sourcecode.swift; path = FeedView.swift; sourceTree = "<group>"; };
		A64E9B8C2C91B63E00526151 /* ProfileView.swift */ = {isa = PBXFileReference; lastKnownFileType = sourcecode.swift; path = ProfileView.swift; sourceTree = "<group>"; };
/* End PBXFileReference section */

/* Begin PBXFrameworksBuildPhase section */
		A64E9B4B2C8CBC0500526151 /* Frameworks */ = {
			isa = PBXFrameworksBuildPhase;
			buildActionMask = 2147483647;
			files = (
			);
			runOnlyForDeploymentPostprocessing = 0;
		};
/* End PBXFrameworksBuildPhase section */

/* Begin PBXGroup section */
		A64E9B452C8CBC0500526151 = {
			isa = PBXGroup;
			children = (
				A64E9B502C8CBC0500526151 /* Beads */,
				A64E9B4F2C8CBC0500526151 /* Products */,
			);
			sourceTree = "<group>";
		};
		A64E9B4F2C8CBC0500526151 /* Products */ = {
			isa = PBXGroup;
			children = (
				A64E9B4E2C8CBC0500526151 /* Beads.app */,
			);
			name = Products;
			sourceTree = "<group>";
		};
		A64E9B502C8CBC0500526151 /* Beads */ = {
			isa = PBXGroup;
			children = (
				A64E9B642C8CBCCC00526151 /* Model */,
				A64E9B632C8CBCB100526151 /* Services */,
				A64E9B622C8CBCAE00526151 /* Extensions */,
				A64E9B612C8CBCAA00526151 /* Utils */,
				A64E9B602C8CBCA700526151 /* Core */,
				A64E9B5F2C8CBCA300526151 /* App */,
				A64E9B552C8CBC0600526151 /* Assets.xcassets */,
				A64E9B572C8CBC0600526151 /* Preview Content */,
			);
			path = Beads;
			sourceTree = "<group>";
		};
		A64E9B572C8CBC0600526151 /* Preview Content */ = {
			isa = PBXGroup;
			children = (
				A64E9B582C8CBC0600526151 /* Preview Assets.xcassets */,
			);
			path = "Preview Content";
			sourceTree = "<group>";
		};
		A64E9B5F2C8CBCA300526151 /* App */ = {
			isa = PBXGroup;
			children = (
				A64E9B512C8CBC0500526151 /* BeadsApp.swift */,
			);
			path = App;
			sourceTree = "<group>";
		};
		A64E9B602C8CBCA700526151 /* Core */ = {
			isa = PBXGroup;
			children = (
				A64E9B8E2C91BD7600526151 /* Components */,
				A64E9B822C91B5B100526151 /* ThreadCreation */,
				A64E9B7B2C91B4ED00526151 /* Activity */,
				A64E9B662C8CBCDE00526151 /* Authentication */,
				A64E9B782C91B4D600526151 /* Explore */,
				A64E9B792C91B4DA00526151 /* Feed */,
				A64E9B7A2C91B4DF00526151 /* Profile */,
				A64E9B652C8CBCD900526151 /* Root */,
				A64E9B752C91B47300526151 /* TabBar */,
			);
			path = Core;
			sourceTree = "<group>";
		};
		A64E9B612C8CBCAA00526151 /* Utils */ = {
			isa = PBXGroup;
			children = (
				A64E9B722C8CC29400526151 /* ViewModifiers */,
			);
			path = Utils;
			sourceTree = "<group>";
		};
		A64E9B622C8CBCAE00526151 /* Extensions */ = {
			isa = PBXGroup;
			children = (
			);
			path = Extensions;
			sourceTree = "<group>";
		};
		A64E9B632C8CBCB100526151 /* Services */ = {
			isa = PBXGroup;
			children = (
			);
			path = Services;
			sourceTree = "<group>";
		};
		A64E9B642C8CBCCC00526151 /* Model */ = {
			isa = PBXGroup;
			children = (
			);
			path = Model;
			sourceTree = "<group>";
		};
		A64E9B652C8CBCD900526151 /* Root */ = {
			isa = PBXGroup;
			children = (
				A64E9B532C8CBC0500526151 /* ContentView.swift */,
			);
			path = Root;
			sourceTree = "<group>";
		};
		A64E9B662C8CBCDE00526151 /* Authentication */ = {
			isa = PBXGroup;
			children = (
				A64E9B6D2C8CC25A00526151 /* ViewModel */,
				A64E9B672C8CBCFB00526151 /* Views */,
			);
			path = Authentication;
			sourceTree = "<group>";
		};
		A64E9B672C8CBCFB00526151 /* Views */ = {
			isa = PBXGroup;
			children = (
				A64E9B682C8CBD0300526151 /* LoginView.swift */,
				A64E9B6B2C8CC03900526151 /* RegistrationView.swift */,
			);
			path = Views;
			sourceTree = "<group>";
		};
		A64E9B6D2C8CC25A00526151 /* ViewModel */ = {
			isa = PBXGroup;
			children = (
				A64E9B6E2C8CC26C00526151 /* LoginViewModel.swift */,
				A64E9B702C8CC27900526151 /* RegistrationViewModel.swift */,
			);
			path = ViewModel;
			sourceTree = "<group>";
		};
		A64E9B722C8CC29400526151 /* ViewModifiers */ = {
			isa = PBXGroup;
			children = (
				A64E9B732C8CC2B900526151 /* ThreadsTextFieldModifier.swift */,
			);
			path = ViewModifiers;
			sourceTree = "<group>";
		};
		A64E9B752C91B47300526151 /* TabBar */ = {
			isa = PBXGroup;
			children = (
				A64E9B762C91B48C00526151 /* ThreadsTabView.swift */,
			);
			path = TabBar;
			sourceTree = "<group>";
		};
		A64E9B782C91B4D600526151 /* Explore */ = {
			isa = PBXGroup;
			children = (
				A64E9B7F2C91B57400526151 /* View */,
			);
			path = Explore;
			sourceTree = "<group>";
		};
		A64E9B792C91B4DA00526151 /* Feed */ = {
			isa = PBXGroup;
			children = (
				A64E9B802C91B57900526151 /* View */,
			);
			path = Feed;
			sourceTree = "<group>";
		};
		A64E9B7A2C91B4DF00526151 /* Profile */ = {
			isa = PBXGroup;
			children = (
				A64E9B812C91B59F00526151 /* View */,
			);
			path = Profile;
			sourceTree = "<group>";
		};
		A64E9B7B2C91B4ED00526151 /* Activity */ = {
			isa = PBXGroup;
			children = (
				A64E9B7D2C91B56A00526151 /* View */,
			);
			path = Activity;
			sourceTree = "<group>";
		};
		A64E9B7D2C91B56A00526151 /* View */ = {
			isa = PBXGroup;
			children = (
				A64E9B862C91B5F500526151 /* ActivityView.swift */,
			);
			path = View;
			sourceTree = "<group>";
		};
		A64E9B7F2C91B57400526151 /* View */ = {
			isa = PBXGroup;
			children = (
				A64E9B882C91B60400526151 /* ExploreView.swift */,
			);
			path = View;
			sourceTree = "<group>";
		};
		A64E9B802C91B57900526151 /* View */ = {
			isa = PBXGroup;
			children = (
				A64E9B8A2C91B60F00526151 /* FeedView.swift */,
			);
			path = View;
			sourceTree = "<group>";
		};
		A64E9B812C91B59F00526151 /* View */ = {
			isa = PBXGroup;
			children = (
				A64E9B8C2C91B63E00526151 /* ProfileView.swift */,
			);
			path = View;
			sourceTree = "<group>";
		};
		A64E9B822C91B5B100526151 /* ThreadCreation */ = {
			isa = PBXGroup;
			children = (
				A64E9B832C91B5CB00526151 /* View */,
			);
			path = ThreadCreation;
			sourceTree = "<group>";
		};
		A64E9B832C91B5CB00526151 /* View */ = {
			isa = PBXGroup;
			children = (
				A64E9B842C91B5DE00526151 /* CreateThreadView.swift */,
			);
			path = View;
			sourceTree = "<group>";
		};
		A64E9B8E2C91BD7600526151 /* Components */ = {
			isa = PBXGroup;
			children = (
			);
			path = Components;
			sourceTree = "<group>";
		};
/* End PBXGroup section */

/* Begin PBXNativeTarget section */
		A64E9B4D2C8CBC0500526151 /* Beads */ = {
			isa = PBXNativeTarget;
			buildConfigurationList = A64E9B5C2C8CBC0600526151 /* Build configuration list for PBXNativeTarget "Beads" */;
			buildPhases = (
				A64E9B4A2C8CBC0500526151 /* Sources */,
				A64E9B4B2C8CBC0500526151 /* Frameworks */,
				A64E9B4C2C8CBC0500526151 /* Resources */,
			);
			buildRules = (
			);
			dependencies = (
			);
			name = Beads;
			productName = Beads;
			productReference = A64E9B4E2C8CBC0500526151 /* Beads.app */;
			productType = "com.apple.product-type.application";
		};
/* End PBXNativeTarget section */

/* Begin PBXProject section */
		A64E9B462C8CBC0500526151 /* Project object */ = {
			isa = PBXProject;
			attributes = {
				BuildIndependentTargetsInParallel = 1;
				LastSwiftUpdateCheck = 1540;
				LastUpgradeCheck = 1540;
				TargetAttributes = {
					A64E9B4D2C8CBC0500526151 = {
						CreatedOnToolsVersion = 15.4;
					};
				};
			};
			buildConfigurationList = A64E9B492C8CBC0500526151 /* Build configuration list for PBXProject "Beads" */;
			compatibilityVersion = "Xcode 14.0";
			developmentRegion = en;
			hasScannedForEncodings = 0;
			knownRegions = (
				en,
				Base,
			);
			mainGroup = A64E9B452C8CBC0500526151;
			productRefGroup = A64E9B4F2C8CBC0500526151 /* Products */;
			projectDirPath = "";
			projectRoot = "";
			targets = (
				A64E9B4D2C8CBC0500526151 /* Beads */,
			);
		};
/* End PBXProject section */

/* Begin PBXResourcesBuildPhase section */
		A64E9B4C2C8CBC0500526151 /* Resources */ = {
			isa = PBXResourcesBuildPhase;
			buildActionMask = 2147483647;
			files = (
				A64E9B592C8CBC0600526151 /* Preview Assets.xcassets in Resources */,
				A64E9B562C8CBC0600526151 /* Assets.xcassets in Resources */,
			);
			runOnlyForDeploymentPostprocessing = 0;
		};
/* End PBXResourcesBuildPhase section */

/* Begin PBXSourcesBuildPhase section */
		A64E9B4A2C8CBC0500526151 /* Sources */ = {
			isa = PBXSourcesBuildPhase;
			buildActionMask = 2147483647;
			files = (
				A64E9B892C91B60400526151 /* ExploreView.swift in Sources */,
				A64E9B8D2C91B63E00526151 /* ProfileView.swift in Sources */,
				A64E9B692C8CBD0300526151 /* LoginView.swift in Sources */,
				A64E9B712C8CC27900526151 /* RegistrationViewModel.swift in Sources */,
				A64E9B542C8CBC0500526151 /* ContentView.swift in Sources */,
				A64E9B8B2C91B60F00526151 /* FeedView.swift in Sources */,
				A64E9B872C91B5F500526151 /* ActivityView.swift in Sources */,
				A64E9B852C91B5DF00526151 /* CreateThreadView.swift in Sources */,
				A64E9B522C8CBC0500526151 /* BeadsApp.swift in Sources */,
				A64E9B772C91B48C00526151 /* ThreadsTabView.swift in Sources */,
				A64E9B6F2C8CC26C00526151 /* LoginViewModel.swift in Sources */,
				A64E9B742C8CC2B900526151 /* ThreadsTextFieldModifier.swift in Sources */,
				A64E9B6C2C8CC03900526151 /* RegistrationView.swift in Sources */,
			);
			runOnlyForDeploymentPostprocessing = 0;
		};
/* End PBXSourcesBuildPhase section */

/* Begin XCBuildConfiguration section */
		A64E9B5A2C8CBC0600526151 /* Debug */ = {
			isa = XCBuildConfiguration;
			buildSettings = {
				ALWAYS_SEARCH_USER_PATHS = NO;
				ASSETCATALOG_COMPILER_GENERATE_SWIFT_ASSET_SYMBOL_EXTENSIONS = YES;
				CLANG_ANALYZER_NONNULL = YES;
				CLANG_ANALYZER_NUMBER_OBJECT_CONVERSION = YES_AGGRESSIVE;
				CLANG_CXX_LANGUAGE_STANDARD = "gnu++20";
				CLANG_ENABLE_MODULES = YES;
				CLANG_ENABLE_OBJC_ARC = YES;
				CLANG_ENABLE_OBJC_WEAK = YES;
				CLANG_WARN_BLOCK_CAPTURE_AUTORELEASING = YES;
				CLANG_WARN_BOOL_CONVERSION = YES;
				CLANG_WARN_COMMA = YES;
				CLANG_WARN_CONSTANT_CONVERSION = YES;
				CLANG_WARN_DEPRECATED_OBJC_IMPLEMENTATIONS = YES;
				CLANG_WARN_DIRECT_OBJC_ISA_USAGE = YES_ERROR;
				CLANG_WARN_DOCUMENTATION_COMMENTS = YES;
				CLANG_WARN_EMPTY_BODY = YES;
				CLANG_WARN_ENUM_CONVERSION = YES;
				CLANG_WARN_INFINITE_RECURSION = YES;
				CLANG_WARN_INT_CONVERSION = YES;
				CLANG_WARN_NON_LITERAL_NULL_CONVERSION = YES;
				CLANG_WARN_OBJC_IMPLICIT_RETAIN_SELF = YES;
				CLANG_WARN_OBJC_LITERAL_CONVERSION = YES;
				CLANG_WARN_OBJC_ROOT_CLASS = YES_ERROR;
				CLANG_WARN_QUOTED_INCLUDE_IN_FRAMEWORK_HEADER = YES;
				CLANG_WARN_RANGE_LOOP_ANALYSIS = YES;
				CLANG_WARN_STRICT_PROTOTYPES = YES;
				CLANG_WARN_SUSPICIOUS_MOVE = YES;
				CLANG_WARN_UNGUARDED_AVAILABILITY = YES_AGGRESSIVE;
				CLANG_WARN_UNREACHABLE_CODE = YES;
				CLANG_WARN__DUPLICATE_METHOD_MATCH = YES;
				COPY_PHASE_STRIP = NO;
				DEBUG_INFORMATION_FORMAT = dwarf;
				ENABLE_STRICT_OBJC_MSGSEND = YES;
				ENABLE_TESTABILITY = YES;
				ENABLE_USER_SCRIPT_SANDBOXING = YES;
				GCC_C_LANGUAGE_STANDARD = gnu17;
				GCC_DYNAMIC_NO_PIC = NO;
				GCC_NO_COMMON_BLOCKS = YES;
				GCC_OPTIMIZATION_LEVEL = 0;
				GCC_PREPROCESSOR_DEFINITIONS = (
					"DEBUG=1",
					"$(inherited)",
				);
				GCC_WARN_64_TO_32_BIT_CONVERSION = YES;
				GCC_WARN_ABOUT_RETURN_TYPE = YES_ERROR;
				GCC_WARN_UNDECLARED_SELECTOR = YES;
				GCC_WARN_UNINITIALIZED_AUTOS = YES_AGGRESSIVE;
				GCC_WARN_UNUSED_FUNCTION = YES;
				GCC_WARN_UNUSED_VARIABLE = YES;
				IPHONEOS_DEPLOYMENT_TARGET = 17.5;
				LOCALIZATION_PREFERS_STRING_CATALOGS = YES;
				MTL_ENABLE_DEBUG_INFO = INCLUDE_SOURCE;
				MTL_FAST_MATH = YES;
				ONLY_ACTIVE_ARCH = YES;
				SDKROOT = iphoneos;
				SWIFT_ACTIVE_COMPILATION_CONDITIONS = "DEBUG $(inherited)";
				SWIFT_OPTIMIZATION_LEVEL = "-Onone";
			};
			name = Debug;
		};
		A64E9B5B2C8CBC0600526151 /* Release */ = {
			isa = XCBuildConfiguration;
			buildSettings = {
				ALWAYS_SEARCH_USER_PATHS = NO;
				ASSETCATALOG_COMPILER_GENERATE_SWIFT_ASSET_SYMBOL_EXTENSIONS = YES;
				CLANG_ANALYZER_NONNULL = YES;
				CLANG_ANALYZER_NUMBER_OBJECT_CONVERSION = YES_AGGRESSIVE;
				CLANG_CXX_LANGUAGE_STANDARD = "gnu++20";
				CLANG_ENABLE_MODULES = YES;
				CLANG_ENABLE_OBJC_ARC = YES;
				CLANG_ENABLE_OBJC_WEAK = YES;
				CLANG_WARN_BLOCK_CAPTURE_AUTORELEASING = YES;
				CLANG_WARN_BOOL_CONVERSION = YES;
				CLANG_WARN_COMMA = YES;
				CLANG_WARN_CONSTANT_CONVERSION = YES;
				CLANG_WARN_DEPRECATED_OBJC_IMPLEMENTATIONS = YES;
				CLANG_WARN_DIRECT_OBJC_ISA_USAGE = YES_ERROR;
				CLANG_WARN_DOCUMENTATION_COMMENTS = YES;
				CLANG_WARN_EMPTY_BODY = YES;
				CLANG_WARN_ENUM_CONVERSION = YES;
				CLANG_WARN_INFINITE_RECURSION = YES;
				CLANG_WARN_INT_CONVERSION = YES;
				CLANG_WARN_NON_LITERAL_NULL_CONVERSION = YES;
				CLANG_WARN_OBJC_IMPLICIT_RETAIN_SELF = YES;
				CLANG_WARN_OBJC_LITERAL_CONVERSION = YES;
				CLANG_WARN_OBJC_ROOT_CLASS = YES_ERROR;
				CLANG_WARN_QUOTED_INCLUDE_IN_FRAMEWORK_HEADER = YES;
				CLANG_WARN_RANGE_LOOP_ANALYSIS = YES;
				CLANG_WARN_STRICT_PROTOTYPES = YES;
				CLANG_WARN_SUSPICIOUS_MOVE = YES;
				CLANG_WARN_UNGUARDED_AVAILABILITY = YES_AGGRESSIVE;
				CLANG_WARN_UNREACHABLE_CODE = YES;
				CLANG_WARN__DUPLICATE_METHOD_MATCH = YES;
				COPY_PHASE_STRIP = NO;
				DEBUG_INFORMATION_FORMAT = "dwarf-with-dsym";
				ENABLE_NS_ASSERTIONS = NO;
				ENABLE_STRICT_OBJC_MSGSEND = YES;
				ENABLE_USER_SCRIPT_SANDBOXING = YES;
				GCC_C_LANGUAGE_STANDARD = gnu17;
				GCC_NO_COMMON_BLOCKS = YES;
				GCC_WARN_64_TO_32_BIT_CONVERSION = YES;
				GCC_WARN_ABOUT_RETURN_TYPE = YES_ERROR;
				GCC_WARN_UNDECLARED_SELECTOR = YES;
				GCC_WARN_UNINITIALIZED_AUTOS = YES_AGGRESSIVE;
				GCC_WARN_UNUSED_FUNCTION = YES;
				GCC_WARN_UNUSED_VARIABLE = YES;
				IPHONEOS_DEPLOYMENT_TARGET = 17.5;
				LOCALIZATION_PREFERS_STRING_CATALOGS = YES;
				MTL_ENABLE_DEBUG_INFO = NO;
				MTL_FAST_MATH = YES;
				SDKROOT = iphoneos;
				SWIFT_COMPILATION_MODE = wholemodule;
				VALIDATE_PRODUCT = YES;
			};
			name = Release;
		};
		A64E9B5D2C8CBC0600526151 /* Debug */ = {
			isa = XCBuildConfiguration;
			buildSettings = {
				ASSETCATALOG_COMPILER_APPICON_NAME = AppIcon;
				ASSETCATALOG_COMPILER_GLOBAL_ACCENT_COLOR_NAME = AccentColor;
				CODE_SIGN_STYLE = Automatic;
				CURRENT_PROJECT_VERSION = 1;
				DEVELOPMENT_ASSET_PATHS = "\"Beads/Preview Content\"";
				ENABLE_PREVIEWS = YES;
				GENERATE_INFOPLIST_FILE = YES;
				INFOPLIST_KEY_UIApplicationSceneManifest_Generation = YES;
				INFOPLIST_KEY_UIApplicationSupportsIndirectInputEvents = YES;
				INFOPLIST_KEY_UILaunchScreen_Generation = YES;
				INFOPLIST_KEY_UISupportedInterfaceOrientations_iPad = "UIInterfaceOrientationPortrait UIInterfaceOrientationPortraitUpsideDown UIInterfaceOrientationLandscapeLeft UIInterfaceOrientationLandscapeRight";
				INFOPLIST_KEY_UISupportedInterfaceOrientations_iPhone = "UIInterfaceOrientationPortrait UIInterfaceOrientationLandscapeLeft UIInterfaceOrientationLandscapeRight";
				LD_RUNPATH_SEARCH_PATHS = (
					"$(inherited)",
					"@executable_path/Frameworks",
				);
				MARKETING_VERSION = 1.0;
				PRODUCT_BUNDLE_IDENTIFIER = com.Beads;
				PRODUCT_NAME = "$(TARGET_NAME)";
				SWIFT_EMIT_LOC_STRINGS = YES;
				SWIFT_VERSION = 5.0;
				TARGETED_DEVICE_FAMILY = "1,2";
			};
			name = Debug;
		};
		A64E9B5E2C8CBC0600526151 /* Release */ = {
			isa = XCBuildConfiguration;
			buildSettings = {
				ASSETCATALOG_COMPILER_APPICON_NAME = AppIcon;
				ASSETCATALOG_COMPILER_GLOBAL_ACCENT_COLOR_NAME = AccentColor;
				CODE_SIGN_STYLE = Automatic;
				CURRENT_PROJECT_VERSION = 1;
				DEVELOPMENT_ASSET_PATHS = "\"Beads/Preview Content\"";
				ENABLE_PREVIEWS = YES;
				GENERATE_INFOPLIST_FILE = YES;
				INFOPLIST_KEY_UIApplicationSceneManifest_Generation = YES;
				INFOPLIST_KEY_UIApplicationSupportsIndirectInputEvents = YES;
				INFOPLIST_KEY_UILaunchScreen_Generation = YES;
				INFOPLIST_KEY_UISupportedInterfaceOrientations_iPad = "UIInterfaceOrientationPortrait UIInterfaceOrientationPortraitUpsideDown UIInterfaceOrientationLandscapeLeft UIInterfaceOrientationLandscapeRight";
				INFOPLIST_KEY_UISupportedInterfaceOrientations_iPhone = "UIInterfaceOrientationPortrait UIInterfaceOrientationLandscapeLeft UIInterfaceOrientationLandscapeRight";
				LD_RUNPATH_SEARCH_PATHS = (
					"$(inherited)",
					"@executable_path/Frameworks",
				);
				MARKETING_VERSION = 1.0;
				PRODUCT_BUNDLE_IDENTIFIER = com.Beads;
				PRODUCT_NAME = "$(TARGET_NAME)";
				SWIFT_EMIT_LOC_STRINGS = YES;
				SWIFT_VERSION = 5.0;
				TARGETED_DEVICE_FAMILY = "1,2";
			};
			name = Release;
		};
/* End XCBuildConfiguration section */

/* Begin XCConfigurationList section */
		A64E9B492C8CBC0500526151 /* Build configuration list for PBXProject "Beads" */ = {
			isa = XCConfigurationList;
			buildConfigurations = (
				A64E9B5A2C8CBC0600526151 /* Debug */,
				A64E9B5B2C8CBC0600526151 /* Release */,
			);
			defaultConfigurationIsVisible = 0;
			defaultConfigurationName = Release;
		};
		A64E9B5C2C8CBC0600526151 /* Build configuration list for PBXNativeTarget "Beads" */ = {
			isa = XCConfigurationList;
			buildConfigurations = (
				A64E9B5D2C8CBC0600526151 /* Debug */,
				A64E9B5E2C8CBC0600526151 /* Release */,
			);
			defaultConfigurationIsVisible = 0;
			defaultConfigurationName = Release;
		};
/* End XCConfigurationList section */
	};
	rootObject = A64E9B462C8CBC0500526151 /* Project object */;
}
